// !$*UTF8*$!
{
	archiveVersion = 1;
	classes = {
	};
	objectVersion = 56;
	objects = {

/* Begin PBXBuildFile section */
		7BA997B62B19F82700A7BA9B /* JellyfishSaverView.swift in Sources */ = {isa = PBXBuildFile; fileRef = 7BA997B52B19F82700A7BA9B /* JellyfishSaverView.swift */; };
		7BA997B92B19F8FF00A7BA9B /* ContentView.swift in Sources */ = {isa = PBXBuildFile; fileRef = 7BA997B72B19F8FF00A7BA9B /* ContentView.swift */; };
		7BA997BA2B19F8FF00A7BA9B /* Shaders.metal in Sources */ = {isa = PBXBuildFile; fileRef = 7BA997B82B19F8FF00A7BA9B /* Shaders.metal */; };
		7BA997C02B1A002D00A7BA9B /* ScreenSaver.framework in Frameworks */ = {isa = PBXBuildFile; fileRef = 7BA997BF2B1A002D00A7BA9B /* ScreenSaver.framework */; };
		7BA997C12B1A014700A7BA9B /* SwiftUI.framework in Frameworks */ = {isa = PBXBuildFile; fileRef = 7BA997BD2B1A001700A7BA9B /* SwiftUI.framework */; };
		7BA997C92B1A066B00A7BA9B /* DisplayLinkHandler.swift in Sources */ = {isa = PBXBuildFile; fileRef = 7BA997C82B1A066B00A7BA9B /* DisplayLinkHandler.swift */; };
		7BA997CC2B1A1E2000A7BA9B /* SettingsView.swift in Sources */ = {isa = PBXBuildFile; fileRef = 7BA997CB2B1A1E2000A7BA9B /* SettingsView.swift */; };
		7BA997CE2B1A1E5700A7BA9B /* Store.swift in Sources */ = {isa = PBXBuildFile; fileRef = 7BA997CD2B1A1E5700A7BA9B /* Store.swift */; };
		7BA997D22B1A2A9800A7BA9B /* clamp.swift in Sources */ = {isa = PBXBuildFile; fileRef = 7BA997D12B1A2A9800A7BA9B /* clamp.swift */; };
/* End PBXBuildFile section */

/* Begin PBXFileReference section */
		7BA997A92B19F7D700A7BA9B /* JellyfishSaver.saver */ = {isa = PBXFileReference; explicitFileType = wrapper.cfbundle; includeInIndex = 0; path = JellyfishSaver.saver; sourceTree = BUILT_PRODUCTS_DIR; };
		7BA997B52B19F82700A7BA9B /* JellyfishSaverView.swift */ = {isa = PBXFileReference; lastKnownFileType = sourcecode.swift; path = JellyfishSaverView.swift; sourceTree = "<group>"; };
		7BA997B72B19F8FF00A7BA9B /* ContentView.swift */ = {isa = PBXFileReference; fileEncoding = 4; lastKnownFileType = sourcecode.swift; path = ContentView.swift; sourceTree = "<group>"; };
		7BA997B82B19F8FF00A7BA9B /* Shaders.metal */ = {isa = PBXFileReference; fileEncoding = 4; lastKnownFileType = sourcecode.metal; path = Shaders.metal; sourceTree = "<group>"; };
		7BA997BD2B1A001700A7BA9B /* SwiftUI.framework */ = {isa = PBXFileReference; lastKnownFileType = wrapper.framework; name = SwiftUI.framework; path = System/Library/Frameworks/SwiftUI.framework; sourceTree = SDKROOT; };
		7BA997BF2B1A002D00A7BA9B /* ScreenSaver.framework */ = {isa = PBXFileReference; lastKnownFileType = wrapper.framework; name = ScreenSaver.framework; path = System/Library/Frameworks/ScreenSaver.framework; sourceTree = SDKROOT; };
		7BA997C82B1A066B00A7BA9B /* DisplayLinkHandler.swift */ = {isa = PBXFileReference; fileEncoding = 4; lastKnownFileType = sourcecode.swift; path = DisplayLinkHandler.swift; sourceTree = "<group>"; };
		7BA997CB2B1A1E2000A7BA9B /* SettingsView.swift */ = {isa = PBXFileReference; lastKnownFileType = sourcecode.swift; path = SettingsView.swift; sourceTree = "<group>"; };
		7BA997CD2B1A1E5700A7BA9B /* Store.swift */ = {isa = PBXFileReference; lastKnownFileType = sourcecode.swift; path = Store.swift; sourceTree = "<group>"; };
		7BA997D12B1A2A9800A7BA9B /* clamp.swift */ = {isa = PBXFileReference; lastKnownFileType = sourcecode.swift; path = clamp.swift; sourceTree = "<group>"; };
/* End PBXFileReference section */

/* Begin PBXFrameworksBuildPhase section */
		7BA997A62B19F7D700A7BA9B /* Frameworks */ = {
			isa = PBXFrameworksBuildPhase;
			buildActionMask = 2147483647;
			files = (
				7BA997C12B1A014700A7BA9B /* SwiftUI.framework in Frameworks */,
				7BA997C02B1A002D00A7BA9B /* ScreenSaver.framework in Frameworks */,
			);
			runOnlyForDeploymentPostprocessing = 0;
		};
/* End PBXFrameworksBuildPhase section */

/* Begin PBXGroup section */
		7BA9979F2B19F7D700A7BA9B = {
			isa = PBXGroup;
			children = (
				7BA997AB2B19F7D700A7BA9B /* JellyfishSaver */,
				7BA997AA2B19F7D700A7BA9B /* Products */,
				7BA997BC2B1A001700A7BA9B /* Frameworks */,
			);
			sourceTree = "<group>";
		};
		7BA997AA2B19F7D700A7BA9B /* Products */ = {
			isa = PBXGroup;
			children = (
				7BA997A92B19F7D700A7BA9B /* JellyfishSaver.saver */,
			);
			name = Products;
			sourceTree = "<group>";
		};
		7BA997AB2B19F7D700A7BA9B /* JellyfishSaver */ = {
			isa = PBXGroup;
			children = (
				7BA997B52B19F82700A7BA9B /* JellyfishSaverView.swift */,
				7BA997B72B19F8FF00A7BA9B /* ContentView.swift */,
				7BA997CB2B1A1E2000A7BA9B /* SettingsView.swift */,
				7BA997D12B1A2A9800A7BA9B /* clamp.swift */,
				7BA997CD2B1A1E5700A7BA9B /* Store.swift */,
				7BA997C82B1A066B00A7BA9B /* DisplayLinkHandler.swift */,
				7BA997B82B19F8FF00A7BA9B /* Shaders.metal */,
			);
			path = JellyfishSaver;
			sourceTree = "<group>";
		};
		7BA997BC2B1A001700A7BA9B /* Frameworks */ = {
			isa = PBXGroup;
			children = (
				7BA997BF2B1A002D00A7BA9B /* ScreenSaver.framework */,
				7BA997BD2B1A001700A7BA9B /* SwiftUI.framework */,
			);
			name = Frameworks;
			sourceTree = "<group>";
		};
/* End PBXGroup section */

/* Begin PBXHeadersBuildPhase section */
		7BA997A42B19F7D700A7BA9B /* Headers */ = {
			isa = PBXHeadersBuildPhase;
			buildActionMask = 2147483647;
			files = (
			);
			runOnlyForDeploymentPostprocessing = 0;
		};
/* End PBXHeadersBuildPhase section */

/* Begin PBXNativeTarget section */
		7BA997A82B19F7D700A7BA9B /* JellyfishSaver */ = {
			isa = PBXNativeTarget;
			buildConfigurationList = 7BA997B22B19F7D700A7BA9B /* Build configuration list for PBXNativeTarget "JellyfishSaver" */;
			buildPhases = (
				7BA997A42B19F7D700A7BA9B /* Headers */,
				7BA997A52B19F7D700A7BA9B /* Sources */,
				7BA997A62B19F7D700A7BA9B /* Frameworks */,
				7BA997A72B19F7D700A7BA9B /* Resources */,
				7BA997CA2B1A0D7700A7BA9B /* Install */,
			);
			buildRules = (
			);
			dependencies = (
			);
			name = JellyfishSaver;
			productName = JellyfishSaver;
			productReference = 7BA997A92B19F7D700A7BA9B /* JellyfishSaver.saver */;
			productType = "com.apple.product-type.bundle";
		};
/* End PBXNativeTarget section */

/* Begin PBXProject section */
		7BA997A02B19F7D700A7BA9B /* Project object */ = {
			isa = PBXProject;
			attributes = {
				BuildIndependentTargetsInParallel = 1;
				LastUpgradeCheck = 1500;
				TargetAttributes = {
					7BA997A82B19F7D700A7BA9B = {
						CreatedOnToolsVersion = 15.0;
						LastSwiftMigration = 1500;
					};
				};
			};
			buildConfigurationList = 7BA997A32B19F7D700A7BA9B /* Build configuration list for PBXProject "JellyfishSaver" */;
			compatibilityVersion = "Xcode 14.0";
			developmentRegion = en;
			hasScannedForEncodings = 0;
			knownRegions = (
				en,
				Base,
			);
			mainGroup = 7BA9979F2B19F7D700A7BA9B;
			productRefGroup = 7BA997AA2B19F7D700A7BA9B /* Products */;
			projectDirPath = "";
			projectRoot = "";
			targets = (
				7BA997A82B19F7D700A7BA9B /* JellyfishSaver */,
			);
		};
/* End PBXProject section */

/* Begin PBXResourcesBuildPhase section */
		7BA997A72B19F7D700A7BA9B /* Resources */ = {
			isa = PBXResourcesBuildPhase;
			buildActionMask = 2147483647;
			files = (
			);
			runOnlyForDeploymentPostprocessing = 0;
		};
/* End PBXResourcesBuildPhase section */

/* Begin PBXShellScriptBuildPhase section */
		7BA997CA2B1A0D7700A7BA9B /* Install */ = {
			isa = PBXShellScriptBuildPhase;
			alwaysOutOfDate = 1;
			buildActionMask = 12;
			files = (
			);
			inputFileListPaths = (
			);
			inputPaths = (
			);
			name = Install;
			outputFileListPaths = (
			);
			outputPaths = (
			);
			runOnlyForDeploymentPostprocessing = 0;
			shellPath = /bin/sh;
			shellScript = "TARGET_COPY_PATH=\"/Users/$(whoami)/Library/Screen Savers\"\necho \"$TARGET_COPY_PATH/$WRAPPER_NAME\"\n\nif [ ! -f \"$TARGET_COPY_PATH/$WRAPPER_NAME\" ]\nthen\n  rm -rf \"$TARGET_COPY_PATH/$WRAPPER_NAME\"\nfi\n  \ncp -R \"$TARGET_BUILD_DIR/$WRAPPER_NAME\" \"$TARGET_COPY_PATH\"\nkillall kill WallpaperAgent \n";
		};
/* End PBXShellScriptBuildPhase section */

/* Begin PBXSourcesBuildPhase section */
		7BA997A52B19F7D700A7BA9B /* Sources */ = {
			isa = PBXSourcesBuildPhase;
			buildActionMask = 2147483647;
			files = (
				7BA997CC2B1A1E2000A7BA9B /* SettingsView.swift in Sources */,
				7BA997BA2B19F8FF00A7BA9B /* Shaders.metal in Sources */,
				7BA997D22B1A2A9800A7BA9B /* clamp.swift in Sources */,
				7BA997C92B1A066B00A7BA9B /* DisplayLinkHandler.swift in Sources */,
				7BA997CE2B1A1E5700A7BA9B /* Store.swift in Sources */,
				7BA997B62B19F82700A7BA9B /* JellyfishSaverView.swift in Sources */,
				7BA997B92B19F8FF00A7BA9B /* ContentView.swift in Sources */,
			);
			runOnlyForDeploymentPostprocessing = 0;
		};
/* End PBXSourcesBuildPhase section */

/* Begin XCBuildConfiguration section */
		7BA997B02B19F7D700A7BA9B /* Debug */ = {
			isa = XCBuildConfiguration;
			buildSettings = {
				ALWAYS_SEARCH_USER_PATHS = NO;
				ASSETCATALOG_COMPILER_GENERATE_SWIFT_ASSET_SYMBOL_EXTENSIONS = YES;
				CLANG_ANALYZER_NONNULL = YES;
				CLANG_ANALYZER_NUMBER_OBJECT_CONVERSION = YES_AGGRESSIVE;
				CLANG_CXX_LANGUAGE_STANDARD = "gnu++20";
				CLANG_ENABLE_MODULES = YES;
				CLANG_ENABLE_OBJC_ARC = YES;
				CLANG_ENABLE_OBJC_WEAK = YES;
				CLANG_WARN_BLOCK_CAPTURE_AUTORELEASING = YES;
				CLANG_WARN_BOOL_CONVERSION = YES;
				CLANG_WARN_COMMA = YES;
				CLANG_WARN_CONSTANT_CONVERSION = YES;
				CLANG_WARN_DEPRECATED_OBJC_IMPLEMENTATIONS = YES;
				CLANG_WARN_DIRECT_OBJC_ISA_USAGE = YES_ERROR;
				CLANG_WARN_DOCUMENTATION_COMMENTS = YES;
				CLANG_WARN_EMPTY_BODY = YES;
				CLANG_WARN_ENUM_CONVERSION = YES;
				CLANG_WARN_INFINITE_RECURSION = YES;
				CLANG_WARN_INT_CONVERSION = YES;
				CLANG_WARN_NON_LITERAL_NULL_CONVERSION = YES;
				CLANG_WARN_OBJC_IMPLICIT_RETAIN_SELF = YES;
				CLANG_WARN_OBJC_LITERAL_CONVERSION = YES;
				CLANG_WARN_OBJC_ROOT_CLASS = YES_ERROR;
				CLANG_WARN_QUOTED_INCLUDE_IN_FRAMEWORK_HEADER = YES;
				CLANG_WARN_RANGE_LOOP_ANALYSIS = YES;
				CLANG_WARN_STRICT_PROTOTYPES = YES;
				CLANG_WARN_SUSPICIOUS_MOVE = YES;
				CLANG_WARN_UNGUARDED_AVAILABILITY = YES_AGGRESSIVE;
				CLANG_WARN_UNREACHABLE_CODE = YES;
				CLANG_WARN__DUPLICATE_METHOD_MATCH = YES;
				COPY_PHASE_STRIP = NO;
				DEBUG_INFORMATION_FORMAT = dwarf;
				ENABLE_STRICT_OBJC_MSGSEND = YES;
				ENABLE_TESTABILITY = YES;
				ENABLE_USER_SCRIPT_SANDBOXING = YES;
				GCC_C_LANGUAGE_STANDARD = gnu17;
				GCC_DYNAMIC_NO_PIC = NO;
				GCC_NO_COMMON_BLOCKS = YES;
				GCC_OPTIMIZATION_LEVEL = 0;
				GCC_PREPROCESSOR_DEFINITIONS = (
					"DEBUG=1",
					"$(inherited)",
				);
				GCC_WARN_64_TO_32_BIT_CONVERSION = YES;
				GCC_WARN_ABOUT_RETURN_TYPE = YES_ERROR;
				GCC_WARN_UNDECLARED_SELECTOR = YES;
				GCC_WARN_UNINITIALIZED_AUTOS = YES_AGGRESSIVE;
				GCC_WARN_UNUSED_FUNCTION = YES;
				GCC_WARN_UNUSED_VARIABLE = YES;
				LOCALIZATION_PREFERS_STRING_CATALOGS = YES;
				MACOSX_DEPLOYMENT_TARGET = 14.0;
				MTL_ENABLE_DEBUG_INFO = INCLUDE_SOURCE;
				MTL_FAST_MATH = YES;
				ONLY_ACTIVE_ARCH = YES;
				SDKROOT = macosx;
			};
			name = Debug;
		};
		7BA997B12B19F7D700A7BA9B /* Release */ = {
			isa = XCBuildConfiguration;
			buildSettings = {
				ALWAYS_SEARCH_USER_PATHS = NO;
				ASSETCATALOG_COMPILER_GENERATE_SWIFT_ASSET_SYMBOL_EXTENSIONS = YES;
				CLANG_ANALYZER_NONNULL = YES;
				CLANG_ANALYZER_NUMBER_OBJECT_CONVERSION = YES_AGGRESSIVE;
				CLANG_CXX_LANGUAGE_STANDARD = "gnu++20";
				CLANG_ENABLE_MODULES = YES;
				CLANG_ENABLE_OBJC_ARC = YES;
				CLANG_ENABLE_OBJC_WEAK = YES;
				CLANG_WARN_BLOCK_CAPTURE_AUTORELEASING = YES;
				CLANG_WARN_BOOL_CONVERSION = YES;
				CLANG_WARN_COMMA = YES;
				CLANG_WARN_CONSTANT_CONVERSION = YES;
				CLANG_WARN_DEPRECATED_OBJC_IMPLEMENTATIONS = YES;
				CLANG_WARN_DIRECT_OBJC_ISA_USAGE = YES_ERROR;
				CLANG_WARN_DOCUMENTATION_COMMENTS = YES;
				CLANG_WARN_EMPTY_BODY = YES;
				CLANG_WARN_ENUM_CONVERSION = YES;
				CLANG_WARN_INFINITE_RECURSION = YES;
				CLANG_WARN_INT_CONVERSION = YES;
				CLANG_WARN_NON_LITERAL_NULL_CONVERSION = YES;
				CLANG_WARN_OBJC_IMPLICIT_RETAIN_SELF = YES;
				CLANG_WARN_OBJC_LITERAL_CONVERSION = YES;
				CLANG_WARN_OBJC_ROOT_CLASS = YES_ERROR;
				CLANG_WARN_QUOTED_INCLUDE_IN_FRAMEWORK_HEADER = YES;
				CLANG_WARN_RANGE_LOOP_ANALYSIS = YES;
				CLANG_WARN_STRICT_PROTOTYPES = YES;
				CLANG_WARN_SUSPICIOUS_MOVE = YES;
				CLANG_WARN_UNGUARDED_AVAILABILITY = YES_AGGRESSIVE;
				CLANG_WARN_UNREACHABLE_CODE = YES;
				CLANG_WARN__DUPLICATE_METHOD_MATCH = YES;
				COPY_PHASE_STRIP = NO;
				DEBUG_INFORMATION_FORMAT = "dwarf-with-dsym";
				ENABLE_NS_ASSERTIONS = NO;
				ENABLE_STRICT_OBJC_MSGSEND = YES;
				ENABLE_USER_SCRIPT_SANDBOXING = YES;
				GCC_C_LANGUAGE_STANDARD = gnu17;
				GCC_NO_COMMON_BLOCKS = YES;
				GCC_WARN_64_TO_32_BIT_CONVERSION = YES;
				GCC_WARN_ABOUT_RETURN_TYPE = YES_ERROR;
				GCC_WARN_UNDECLARED_SELECTOR = YES;
				GCC_WARN_UNINITIALIZED_AUTOS = YES_AGGRESSIVE;
				GCC_WARN_UNUSED_FUNCTION = YES;
				GCC_WARN_UNUSED_VARIABLE = YES;
				LOCALIZATION_PREFERS_STRING_CATALOGS = YES;
				MACOSX_DEPLOYMENT_TARGET = 14.0;
				MTL_ENABLE_DEBUG_INFO = NO;
				MTL_FAST_MATH = YES;
				SDKROOT = macosx;
			};
			name = Release;
		};
		7BA997B32B19F7D700A7BA9B /* Debug */ = {
			isa = XCBuildConfiguration;
			buildSettings = {
				CLANG_ENABLE_MODULES = YES;
				CODE_SIGN_STYLE = Automatic;
				COMBINE_HIDPI_IMAGES = YES;
				CURRENT_PROJECT_VERSION = 1;
				DEVELOPMENT_TEAM = EUKTZ7725R;
				ENABLE_USER_SCRIPT_SANDBOXING = NO;
				GENERATE_INFOPLIST_FILE = YES;
				INFOPLIST_KEY_NSHumanReadableCopyright = "";
				INFOPLIST_KEY_NSPrincipalClass = JellyfishSaver.JellyfishSaverView;
				INSTALL_PATH = "$(HOME)/Library/Screen Savers";
				MARKETING_VERSION = 1.0;
				PRODUCT_BUNDLE_IDENTIFIER = com.skillbreak.JellyfishSaver;
				PRODUCT_NAME = "$(TARGET_NAME)";
				SWIFT_EMIT_LOC_STRINGS = YES;
				SWIFT_OPTIMIZATION_LEVEL = "-Onone";
				SWIFT_VERSION = 5.0;
				WRAPPER_EXTENSION = saver;
			};
			name = Debug;
		};
		7BA997B42B19F7D700A7BA9B /* Release */ = {
			isa = XCBuildConfiguration;
			buildSettings = {
				CLANG_ENABLE_MODULES = YES;
				CODE_SIGN_STYLE = Automatic;
				COMBINE_HIDPI_IMAGES = YES;
				CURRENT_PROJECT_VERSION = 1;
				DEVELOPMENT_TEAM = EUKTZ7725R;
				ENABLE_USER_SCRIPT_SANDBOXING = NO;
				GENERATE_INFOPLIST_FILE = YES;
				INFOPLIST_KEY_NSHumanReadableCopyright = "";
				INFOPLIST_KEY_NSPrincipalClass = JellyfishSaver.JellyfishSaverView;
				INSTALL_PATH = "$(HOME)/Library/Screen Savers";
				MARKETING_VERSION = 1.0;
				PRODUCT_BUNDLE_IDENTIFIER = com.skillbreak.JellyfishSaver;
				PRODUCT_NAME = "$(TARGET_NAME)";
				SWIFT_EMIT_LOC_STRINGS = YES;
				SWIFT_VERSION = 5.0;
				WRAPPER_EXTENSION = saver;
			};
			name = Release;
		};
/* End XCBuildConfiguration section */

/* Begin XCConfigurationList section */
		7BA997A32B19F7D700A7BA9B /* Build configuration list for PBXProject "JellyfishSaver" */ = {
			isa = XCConfigurationList;
			buildConfigurations = (
				7BA997B02B19F7D700A7BA9B /* Debug */,
				7BA997B12B19F7D700A7BA9B /* Release */,
			);
			defaultConfigurationIsVisible = 0;
			defaultConfigurationName = Release;
		};
		7BA997B22B19F7D700A7BA9B /* Build configuration list for PBXNativeTarget "JellyfishSaver" */ = {
			isa = XCConfigurationList;
			buildConfigurations = (
				7BA997B32B19F7D700A7BA9B /* Debug */,
				7BA997B42B19F7D700A7BA9B /* Release */,
			);
			defaultConfigurationIsVisible = 0;
			defaultConfigurationName = Release;
		};
/* End XCConfigurationList section */
	};
	rootObject = 7BA997A02B19F7D700A7BA9B /* Project object */;
}
